
Microsoft Visual Studio Solution File, Format Version 12.00
# Visual Studio Version 17
VisualStudioVersion = 17.2.32602.215
MinimumVisualStudioVersion = 10.0.40219.1
Project("{FAE04EC0-301F-11D3-BF4B-00C04F79EFBC}") = "Series", "Series\Series.csproj", "{C9D71641-0175-4C0A-916C-340EC3A571DF}"
EndProject
Global
	GlobalSection(SolutionConfigurationPlatforms) = preSolution
		Debug|Any CPU = Debug|Any CPU
		Release|Any CPU = Release|Any CPU
	EndGlobalSection
	GlobalSection(ProjectConfigurationPlatforms) = postSolution
		{C9D71641-0175-4C0A-916C-340EC3A571DF}.Debug|Any CPU.ActiveCfg = Debug|Any CPU
		{C9D71641-0175-4C0A-916C-340EC3A571DF}.Debug|Any CPU.Build.0 = Debug|Any CPU
		{C9D71641-0175-4C0A-916C-340EC3A571DF}.Release|Any CPU.ActiveCfg = Release|Any CPU
		{C9D71641-0175-4C0A-916C-340EC3A571DF}.Release|Any CPU.Build.0 = Release|Any CPU
	EndGlobalSection
	GlobalSection(SolutionProperties) = preSolution
		HideSolutionNode = FALSE
	EndGlobalSection
	GlobalSection(ExtensibilityGlobals) = postSolution
		SolutionGuid = {ED75B94B-97D4-4BDD-BBF3-ED97B2D6E837}
	EndGlobalSection
EndGlobal
